<?xml version="1.0" encoding="utf-8"?>
<Project ToolsVersion="4.0" xmlns="http://schemas.microsoft.com/developer/msbuild/2003">
  <ItemGroup>
    <Filter Include="CUDA">
      <UniqueIdentifier>{9121c0ad-7920-4b11-93a0-83ab46a7dcca}</UniqueIdentifier>
    </Filter>
    <Filter Include="sutil">
      <UniqueIdentifier>{b9156297-6646-441d-ac0b-d45f87c49132}</UniqueIdentifier>
    </Filter>
  </ItemGroup>
  <ItemGroup>
    <ClCompile Include="src\main.cpp" />
    <ClCompile Include="sutil\sutil.cpp">
      <Filter>sutil</Filter>
    </ClCompile>
    <ClCompile Include="sutil\Arcball.cpp">
      <Filter>sutil</Filter>
    </ClCompile>
    <ClCompile Include="src\Scene.cpp" />
    <ClCompile Include="src\Mie.cpp" />
  </ItemGroup>
  <ItemGroup>
    <CudaCompile Include="src\CUDA\inScatter.cu">
      <Filter>CUDA</Filter>
    </CudaCompile>
    <CudaCompile Include="src\CUDA\pinholeCamera.cu">
      <Filter>CUDA</Filter>
    </CudaCompile>
    <CudaCompile Include="src\CUDA\cloud.cu">
      <Filter>CUDA</Filter>
    </CudaCompile>
    <CudaCompile Include="src\CUDA\reinhard.cu">
      <Filter>CUDA</Filter>
    </CudaCompile>
  </ItemGroup>
  <ItemGroup>
    <ClInclude Include="sutil\sutil.h">
      <Filter>sutil</Filter>
    </ClInclude>
    <ClInclude Include="sutil\sutilapi.h">
      <Filter>sutil</Filter>
    </ClInclude>
    <ClInclude Include="sutil\Arcball.h">
      <Filter>sutil</Filter>
    </ClInclude>
    <ClInclude Include="src\CUDA\rayData.cuh">
      <Filter>CUDA</Filter>
    </ClInclude>
    <ClInclude Include="src\Scene.h" />
    <ClInclude Include="src\Mie.h" />
    <ClInclude Include="src\CUDA\random.cuh">
      <Filter>CUDA</Filter>
    </ClInclude>
  </ItemGroup>
</Project>